# This file is automatically @generated by Poetry 1.8.3 and should not be changed by hand.

[[package]]
name = "jpype1"
version = "1.5.1"
description = "A Python to Java bridge"
optional = false
python-versions = ">=3.8"
files = [
    {file = "jpype1-1.5.1-cp310-cp310-macosx_10_9_universal2.whl", hash = "sha256:7fecd9dc83aab90acf7b9a9f776cef39ddd15e60f80de5512c57abf1fd2a8434"},
    {file = "jpype1-1.5.1-cp310-cp310-manylinux_2_17_aarch64.manylinux2014_aarch64.whl", hash = "sha256:8f576712be49855a4fd54ecceb8d451e255f2316bd66cb6d050aefebcc711ebb"},
    {file = "jpype1-1.5.1-cp310-cp310-manylinux_2_17_i686.manylinux2014_i686.whl", hash = "sha256:1184d0df0ba6b25975269e38a3db7419af070dee3418c57ddbec4a597f1f55cf"},
    {file = "jpype1-1.5.1-cp310-cp310-manylinux_2_17_x86_64.manylinux2014_x86_64.whl", hash = "sha256:b7eae79ddb568084a6f62b4bb3fce6226d8eee99a847fde8896afaf2995be25b"},
    {file = "jpype1-1.5.1-cp310-cp310-win_amd64.whl", hash = "sha256:a1f5760a2b6aef859c6d824260f60bf14d1a7d81732815db61d8816c825b9756"},
    {file = "jpype1-1.5.1-cp311-cp311-macosx_10_9_universal2.whl", hash = "sha256:a225b2077b29aac1c9f306c7ca74987f4fb9c3bcfd2eb3f05f7511311a711d84"},
    {file = "jpype1-1.5.1-cp311-cp311-manylinux_2_17_aarch64.manylinux2014_aarch64.whl", hash = "sha256:29a9929ac85fa166739c8fd3153a45c0668d485b06252dd8b6fb5939a57e4e4b"},
    {file = "jpype1-1.5.1-cp311-cp311-manylinux_2_17_i686.manylinux2014_i686.whl", hash = "sha256:7ce2ae896951c5fc500a0d6db4aabf62a3a6133035f777b4c47b88bc32581ac4"},
    {file = "jpype1-1.5.1-cp311-cp311-manylinux_2_17_x86_64.manylinux2014_x86_64.whl", hash = "sha256:bd331191fd62d4b3d5ac2eec46a0b0ef96ccb424d9f65e702a2ceac87c09df7a"},
    {file = "jpype1-1.5.1-cp311-cp311-win_amd64.whl", hash = "sha256:53d007c1b01de8ec98adc9a6843c19a15df002c3d4c4e65bfb959ac4cb2a18ca"},
    {file = "jpype1-1.5.1-cp312-cp312-macosx_10_9_universal2.whl", hash = "sha256:2f970de32d147d3cb732e14c692bd67ed0b8cd0c02786098a25d26424ce9d053"},
    {file = "jpype1-1.5.1-cp312-cp312-manylinux_2_17_aarch64.manylinux2014_aarch64.whl", hash = "sha256:c7263724ba753e1e579b8905401d3a11cc7bf332f5aa6f5b5e93807ac0a4ebee"},
    {file = "jpype1-1.5.1-cp312-cp312-manylinux_2_17_i686.manylinux2014_i686.whl", hash = "sha256:47370280d4f88bff864a38d5b9b6eff7d92cc186939a164e208360a768ef23df"},
    {file = "jpype1-1.5.1-cp312-cp312-manylinux_2_17_x86_64.manylinux2014_x86_64.whl", hash = "sha256:b09f4a7c1cbfe56d7f706d7e0f9fa4cc4514c43e7ddb589de5a071115daaf20f"},
    {file = "jpype1-1.5.1-cp312-cp312-win_amd64.whl", hash = "sha256:9a49463f5eadf4ed8b0bb51dffebe20171bbfc5e6dcc7c1ea9c6888582e4797d"},
    {file = "jpype1-1.5.1-cp313-cp313-macosx_10_13_universal2.whl", hash = "sha256:6d17792936c36b475527217dc827f45d088c0de928f0021007e8216fb0008bf0"},
    {file = "jpype1-1.5.1-cp313-cp313-manylinux_2_17_aarch64.manylinux2014_aarch64.whl", hash = "sha256:d78dd96bd21e220f8be275393f20a64ec8e1ecf071fd2d7d44dac81653e8e78a"},
    {file = "jpype1-1.5.1-cp313-cp313-manylinux_2_17_i686.manylinux2014_i686.whl", hash = "sha256:bab2c0dd32ff7454d7af67e94f27f5be2fe49b687791cd853db9474ecb046eb2"},
    {file = "jpype1-1.5.1-cp313-cp313-manylinux_2_17_x86_64.manylinux2014_x86_64.whl", hash = "sha256:3bd441732ee864ddec56369d01b131aa851d43d6d722d9b236d09eda5c2c691a"},
    {file = "jpype1-1.5.1-cp313-cp313-win_amd64.whl", hash = "sha256:39bf24e4a2f1001906d235b731a3fd573e89164a569be592485bb54f394ccd5b"},
    {file = "jpype1-1.5.1-cp313-cp313t-manylinux_2_17_aarch64.manylinux2014_aarch64.whl", hash = "sha256:0d038b7dcd7b16debba51df5d1ad9d60239a6dd873b13f4c2bd210a25465d5ae"},
    {file = "jpype1-1.5.1-cp313-cp313t-manylinux_2_17_i686.manylinux2014_i686.whl", hash = "sha256:a1952e2de26c66c2c7b6fc0a8a9546f596fa9afed5490acb6ab17d2b6d767ed4"},
    {file = "jpype1-1.5.1-cp313-cp313t-manylinux_2_17_x86_64.manylinux2014_x86_64.whl", hash = "sha256:699b555cb549659679b69a8ec2d708ac416a08c0b148d0122d3ce133d37a4229"},
    {file = "jpype1-1.5.1-cp38-cp38-macosx_10_9_x86_64.whl", hash = "sha256:939b8c17586cbbc19d7f295860320abf597e70cd3094ea82ce10ddd33134c5f5"},
    {file = "jpype1-1.5.1-cp38-cp38-manylinux_2_17_aarch64.manylinux2014_aarch64.whl", hash = "sha256:938e6cfbc200172f9f1332c34ec46899633df4fd146eaaa9160a3c0542dd39a3"},
    {file = "jpype1-1.5.1-cp38-cp38-manylinux_2_17_i686.manylinux2014_i686.whl", hash = "sha256:6051364b91069a6fd83570dbd418fe0784210572b19b59e3ed9671b8367a38d9"},
    {file = "jpype1-1.5.1-cp38-cp38-manylinux_2_17_x86_64.manylinux2014_x86_64.whl", hash = "sha256:b8345af78ce4a2fb3b7583651ef82fcdac911f4393c28e826cb8879105057525"},
    {file = "jpype1-1.5.1-cp38-cp38-win_amd64.whl", hash = "sha256:396ea7aa4f2346291f67d13b9a90b5127b17f07f5455a32d3b53e579bec93c2e"},
    {file = "jpype1-1.5.1-cp39-cp39-macosx_10_9_x86_64.whl", hash = "sha256:7b8e0e903d15f425eec412a43fe94ff581beb919277ec350e1a73a22f43eca74"},
    {file = "jpype1-1.5.1-cp39-cp39-manylinux_2_17_aarch64.manylinux2014_aarch64.whl", hash = "sha256:13bea6bf8005a9cdd6c7c04f9012f35ec905a18d42fedfe71624e5731d15af40"},
    {file = "jpype1-1.5.1-cp39-cp39-manylinux_2_17_i686.manylinux2014_i686.whl", hash = "sha256:0972aed25fad9a56611c174561ebd0e801f4dbf36de1395cf9633ec7b3fa6537"},
    {file = "jpype1-1.5.1-cp39-cp39-manylinux_2_17_x86_64.manylinux2014_x86_64.whl", hash = "sha256:e7a95741501410ee7e8b9a0e77ed62386edff48ecac3fab3219ae0971753b624"},
    {file = "jpype1-1.5.1-cp39-cp39-win_amd64.whl", hash = "sha256:19d0ebb359b9209fe25268cf9eba2f6dd31df4fe806c7b33f3d5fc4cf2017a75"},
    {file = "jpype1-1.5.1.tar.gz", hash = "sha256:cbb8ea952bf0a0c6011f21a31a97baed241c4aad0e2499db386edfd5cf2adece"},
]

[package.dependencies]
packaging = "*"

[package.extras]
docs = ["readthedocs-sphinx-ext", "sphinx", "sphinx-rtd-theme"]
tests = ["pytest"]

[[package]]
name = "packaging"
version = "24.2"
description = "Core utilities for Python packages"
optional = false
python-versions = ">=3.8"
files = [
    {file = "packaging-24.2-py3-none-any.whl", hash = "sha256:09abb1bccd265c01f4a3aa3f7a7db064b36514d2cba19a2f694fe6150451a759"},
    {file = "packaging-24.2.tar.gz", hash = "sha256:c228a6dc5e932d346bc5739379109d49e8853dd8223571c7c5b55260edc0b97f"},
]

[metadata]
lock-version = "2.0"
python-versions = "^3.12"
content-hash = "4056f3c2a92c1a3bb735e7a282fc5ffa0d3ccb9f242e2c58ea2d0b3966554326"
